
Microsoft Visual Studio Solution File, Format Version 12.00
# Visual Studio 15
VisualStudioVersion = 15.0.28307.271
MinimumVisualStudioVersion = 10.0.40219.1
Project("{2150E333-8FDC-42A3-9474-1A3956D46DE8}") = "4. Infrastructure", "4. Infrastructure", "{341197D4-AFAD-4726-84A8-D51678121FD2}"
EndProject
Project("{2150E333-8FDC-42A3-9474-1A3956D46DE8}") = "4.1. Common", "4.1. Common", "{B2F966FE-648D-4AA7-9881-6B329008EF60}"
EndProject
Project("{9A19103F-16F7-4668-BE54-9A1E7A4F7556}") = "Api.Test.Infrastructure.Framework", "Api.Test\Api.Test.Infrastructure.Framework\Api.Test.Infrastructure.Framework.csproj", "{FFC5648E-C899-4D8C-B8D3-B1E0659D1714}"
EndProject
Project("{9A19103F-16F7-4668-BE54-9A1E7A4F7556}") = "Api.Test.Infrastructure.Data", "Api.Test\Api.Test.Infrastructure.Data\Api.Test.Infrastructure.Data.csproj", "{E72CFC7A-C4F7-4FC2-B7C1-6B6429D79193}"
EndProject
Project("{2150E333-8FDC-42A3-9474-1A3956D46DE8}") = "3. Domain", "3. Domain", "{AC670A78-EF18-4978-B238-A3A627B4759F}"
EndProject
Project("{9A19103F-16F7-4668-BE54-9A1E7A4F7556}") = "Api.Test.Domain.Entities", "Api.Test\Api.Test.Domain.Entities\Api.Test.Domain.Entities.csproj", "{317DB37D-71B7-4C94-B97F-D6192828E9CC}"
EndProject
Project("{9A19103F-16F7-4668-BE54-9A1E7A4F7556}") = "Api.Test.Domain", "Api.Test\Api.Test.Domain\Api.Test.Domain.csproj", "{B8CABEB5-A168-4EFE-AF30-BE9F518A986D}"
EndProject
Project("{9A19103F-16F7-4668-BE54-9A1E7A4F7556}") = "Api.Test.Domain.Test", "Api.Test\Api.Test.Domain.Test\Api.Test.Domain.Test.csproj", "{DC64376A-55D5-4B8F-917B-2D3A53B04314}"
EndProject
Project("{2150E333-8FDC-42A3-9474-1A3956D46DE8}") = "2. Application", "2. Application", "{925A3CC1-FDF0-4B43-BF5E-87A3D80DAD40}"
EndProject
Project("{9A19103F-16F7-4668-BE54-9A1E7A4F7556}") = "Api.Test.Application", "Api.Test\Api.Test.Application\Api.Test.Application.csproj", "{1A4EDFC2-34F3-45E1-B5C6-3B71874398AF}"
EndProject
Project("{2150E333-8FDC-42A3-9474-1A3956D46DE8}") = "1. Presentation", "1. Presentation", "{04466261-2B2C-4B0E-9395-6292C911370A}"
EndProject
Project("{9A19103F-16F7-4668-BE54-9A1E7A4F7556}") = "Api.Test.API", "Api.Test\Api.Test.API\Api.Test.API.csproj", "{CF0754F8-3AEE-49E6-8343-0C73256502E0}"
EndProject
Project("{2150E333-8FDC-42A3-9474-1A3956D46DE8}") = "GraphQL", "GraphQL", "{C4AA39A1-465D-4C62-9A01-A6431C878F78}"
EndProject
Project("{FAE04EC0-301F-11D3-BF4B-00C04F79EFBC}") = "Api.Test.Server", "Api.Test\Api.Test.Server\Api.Test.Server.csproj", "{497DC94F-64BD-4006-9F42-732622BC25D1}"
EndProject
Project("{FAE04EC0-301F-11D3-BF4B-00C04F79EFBC}") = "Api.Test.Client", "Api.Test\Api.Test.Client\Api.Test.Client.csproj", "{E89717ED-86E6-4F51-AEE1-37525A4F637D}"
EndProject
Global
	GlobalSection(SolutionConfigurationPlatforms) = preSolution
		Debug|Any CPU = Debug|Any CPU
		Release|Any CPU = Release|Any CPU
	EndGlobalSection
	GlobalSection(ProjectConfigurationPlatforms) = postSolution
		{FFC5648E-C899-4D8C-B8D3-B1E0659D1714}.Debug|Any CPU.ActiveCfg = Debug|Any CPU
		{FFC5648E-C899-4D8C-B8D3-B1E0659D1714}.Debug|Any CPU.Build.0 = Debug|Any CPU
		{FFC5648E-C899-4D8C-B8D3-B1E0659D1714}.Release|Any CPU.ActiveCfg = Release|Any CPU
		{FFC5648E-C899-4D8C-B8D3-B1E0659D1714}.Release|Any CPU.Build.0 = Release|Any CPU
		{E72CFC7A-C4F7-4FC2-B7C1-6B6429D79193}.Debug|Any CPU.ActiveCfg = Debug|Any CPU
		{E72CFC7A-C4F7-4FC2-B7C1-6B6429D79193}.Debug|Any CPU.Build.0 = Debug|Any CPU
		{E72CFC7A-C4F7-4FC2-B7C1-6B6429D79193}.Release|Any CPU.ActiveCfg = Release|Any CPU
		{E72CFC7A-C4F7-4FC2-B7C1-6B6429D79193}.Release|Any CPU.Build.0 = Release|Any CPU
		{317DB37D-71B7-4C94-B97F-D6192828E9CC}.Debug|Any CPU.ActiveCfg = Debug|Any CPU
		{317DB37D-71B7-4C94-B97F-D6192828E9CC}.Debug|Any CPU.Build.0 = Debug|Any CPU
		{317DB37D-71B7-4C94-B97F-D6192828E9CC}.Release|Any CPU.ActiveCfg = Release|Any CPU
		{317DB37D-71B7-4C94-B97F-D6192828E9CC}.Release|Any CPU.Build.0 = Release|Any CPU
		{B8CABEB5-A168-4EFE-AF30-BE9F518A986D}.Debug|Any CPU.ActiveCfg = Debug|Any CPU
		{B8CABEB5-A168-4EFE-AF30-BE9F518A986D}.Debug|Any CPU.Build.0 = Debug|Any CPU
		{B8CABEB5-A168-4EFE-AF30-BE9F518A986D}.Release|Any CPU.ActiveCfg = Release|Any CPU
		{B8CABEB5-A168-4EFE-AF30-BE9F518A986D}.Release|Any CPU.Build.0 = Release|Any CPU
		{DC64376A-55D5-4B8F-917B-2D3A53B04314}.Debug|Any CPU.ActiveCfg = Debug|Any CPU
		{DC64376A-55D5-4B8F-917B-2D3A53B04314}.Debug|Any CPU.Build.0 = Debug|Any CPU
		{DC64376A-55D5-4B8F-917B-2D3A53B04314}.Release|Any CPU.ActiveCfg = Release|Any CPU
		{DC64376A-55D5-4B8F-917B-2D3A53B04314}.Release|Any CPU.Build.0 = Release|Any CPU
		{1A4EDFC2-34F3-45E1-B5C6-3B71874398AF}.Debug|Any CPU.ActiveCfg = Debug|Any CPU
		{1A4EDFC2-34F3-45E1-B5C6-3B71874398AF}.Debug|Any CPU.Build.0 = Debug|Any CPU
		{1A4EDFC2-34F3-45E1-B5C6-3B71874398AF}.Release|Any CPU.ActiveCfg = Release|Any CPU
		{1A4EDFC2-34F3-45E1-B5C6-3B71874398AF}.Release|Any CPU.Build.0 = Release|Any CPU
		{CF0754F8-3AEE-49E6-8343-0C73256502E0}.Debug|Any CPU.ActiveCfg = Debug|Any CPU
		{CF0754F8-3AEE-49E6-8343-0C73256502E0}.Debug|Any CPU.Build.0 = Debug|Any CPU
		{CF0754F8-3AEE-49E6-8343-0C73256502E0}.Release|Any CPU.ActiveCfg = Release|Any CPU
		{CF0754F8-3AEE-49E6-8343-0C73256502E0}.Release|Any CPU.Build.0 = Release|Any CPU
		{497DC94F-64BD-4006-9F42-732622BC25D1}.Debug|Any CPU.ActiveCfg = Debug|Any CPU
		{497DC94F-64BD-4006-9F42-732622BC25D1}.Debug|Any CPU.Build.0 = Debug|Any CPU
		{497DC94F-64BD-4006-9F42-732622BC25D1}.Release|Any CPU.ActiveCfg = Release|Any CPU
		{497DC94F-64BD-4006-9F42-732622BC25D1}.Release|Any CPU.Build.0 = Release|Any CPU
		{E89717ED-86E6-4F51-AEE1-37525A4F637D}.Debug|Any CPU.ActiveCfg = Debug|Any CPU
		{E89717ED-86E6-4F51-AEE1-37525A4F637D}.Debug|Any CPU.Build.0 = Debug|Any CPU
		{E89717ED-86E6-4F51-AEE1-37525A4F637D}.Release|Any CPU.ActiveCfg = Release|Any CPU
		{E89717ED-86E6-4F51-AEE1-37525A4F637D}.Release|Any CPU.Build.0 = Release|Any CPU
	EndGlobalSection
	GlobalSection(SolutionProperties) = preSolution
		HideSolutionNode = FALSE
	EndGlobalSection
	GlobalSection(NestedProjects) = preSolution
		{B2F966FE-648D-4AA7-9881-6B329008EF60} = {341197D4-AFAD-4726-84A8-D51678121FD2}
		{FFC5648E-C899-4D8C-B8D3-B1E0659D1714} = {B2F966FE-648D-4AA7-9881-6B329008EF60}
		{E72CFC7A-C4F7-4FC2-B7C1-6B6429D79193} = {B2F966FE-648D-4AA7-9881-6B329008EF60}
		{317DB37D-71B7-4C94-B97F-D6192828E9CC} = {AC670A78-EF18-4978-B238-A3A627B4759F}
		{B8CABEB5-A168-4EFE-AF30-BE9F518A986D} = {AC670A78-EF18-4978-B238-A3A627B4759F}
		{DC64376A-55D5-4B8F-917B-2D3A53B04314} = {AC670A78-EF18-4978-B238-A3A627B4759F}
		{1A4EDFC2-34F3-45E1-B5C6-3B71874398AF} = {925A3CC1-FDF0-4B43-BF5E-87A3D80DAD40}
		{CF0754F8-3AEE-49E6-8343-0C73256502E0} = {04466261-2B2C-4B0E-9395-6292C911370A}
		{C4AA39A1-465D-4C62-9A01-A6431C878F78} = {04466261-2B2C-4B0E-9395-6292C911370A}
		{497DC94F-64BD-4006-9F42-732622BC25D1} = {C4AA39A1-465D-4C62-9A01-A6431C878F78}
		{E89717ED-86E6-4F51-AEE1-37525A4F637D} = {C4AA39A1-465D-4C62-9A01-A6431C878F78}
	EndGlobalSection
	GlobalSection(ExtensibilityGlobals) = postSolution
		SolutionGuid = {2157E696-EC1D-4D91-966F-7F56263089D3}
	EndGlobalSection
EndGlobal
